
Microsoft Visual Studio Solution File, Format Version 12.00
# Visual Studio Version 16
VisualStudioVersion = 16.0.31410.357
MinimumVisualStudioVersion = 10.0.40219.1
Project("{FAE04EC0-301F-11D3-BF4B-00C04F79EFBC}") = "GarisKBT.Android", "GarisKBT\GarisKBT.Android\GarisKBT.Android.csproj", "{66F1343E-8056-40A4-BF12-98BEB0F49294}"
EndProject
Project("{FAE04EC0-301F-11D3-BF4B-00C04F79EFBC}") = "GarisKBT.iOS", "GarisKBT\GarisKBT.iOS\GarisKBT.iOS.csproj", "{03431E84-784F-40EE-965D-E40B469A3491}"
EndProject
Project("{FAE04EC0-301F-11D3-BF4B-00C04F79EFBC}") = "GarisKBT", "GarisKBT\GarisKBT\GarisKBT.csproj", "{3B906B99-9109-4F5D-974F-BB150FBB356C}"
EndProject
Global
	GlobalSection(SolutionConfigurationPlatforms) = preSolution
		Debug|Any CPU = Debug|Any CPU
		Debug|iPhone = Debug|iPhone
		Debug|iPhoneSimulator = Debug|iPhoneSimulator
		Release|Any CPU = Release|Any CPU
		Release|iPhone = Release|iPhone
		Release|iPhoneSimulator = Release|iPhoneSimulator
	EndGlobalSection
	GlobalSection(ProjectConfigurationPlatforms) = postSolution
		{66F1343E-8056-40A4-BF12-98BEB0F49294}.Debug|Any CPU.ActiveCfg = Debug|Any CPU
		{66F1343E-8056-40A4-BF12-98BEB0F49294}.Debug|Any CPU.Build.0 = Debug|Any CPU
		{66F1343E-8056-40A4-BF12-98BEB0F49294}.Debug|Any CPU.Deploy.0 = Debug|Any CPU
		{66F1343E-8056-40A4-BF12-98BEB0F49294}.Debug|iPhone.ActiveCfg = Debug|Any CPU
		{66F1343E-8056-40A4-BF12-98BEB0F49294}.Debug|iPhone.Build.0 = Debug|Any CPU
		{66F1343E-8056-40A4-BF12-98BEB0F49294}.Debug|iPhone.Deploy.0 = Debug|Any CPU
		{66F1343E-8056-40A4-BF12-98BEB0F49294}.Debug|iPhoneSimulator.ActiveCfg = Debug|Any CPU
		{66F1343E-8056-40A4-BF12-98BEB0F49294}.Debug|iPhoneSimulator.Build.0 = Debug|Any CPU
		{66F1343E-8056-40A4-BF12-98BEB0F49294}.Debug|iPhoneSimulator.Deploy.0 = Debug|Any CPU
		{66F1343E-8056-40A4-BF12-98BEB0F49294}.Release|Any CPU.ActiveCfg = Release|Any CPU
		{66F1343E-8056-40A4-BF12-98BEB0F49294}.Release|Any CPU.Build.0 = Release|Any CPU
		{66F1343E-8056-40A4-BF12-98BEB0F49294}.Release|Any CPU.Deploy.0 = Release|Any CPU
		{66F1343E-8056-40A4-BF12-98BEB0F49294}.Release|iPhone.ActiveCfg = Release|Any CPU
		{66F1343E-8056-40A4-BF12-98BEB0F49294}.Release|iPhone.Build.0 = Release|Any CPU
		{66F1343E-8056-40A4-BF12-98BEB0F49294}.Release|iPhone.Deploy.0 = Release|Any CPU
		{66F1343E-8056-40A4-BF12-98BEB0F49294}.Release|iPhoneSimulator.ActiveCfg = Release|Any CPU
		{66F1343E-8056-40A4-BF12-98BEB0F49294}.Release|iPhoneSimulator.Build.0 = Release|Any CPU
		{66F1343E-8056-40A4-BF12-98BEB0F49294}.Release|iPhoneSimulator.Deploy.0 = Release|Any CPU
		{03431E84-784F-40EE-965D-E40B469A3491}.Debug|Any CPU.ActiveCfg = Debug|iPhone
		{03431E84-784F-40EE-965D-E40B469A3491}.Debug|Any CPU.Build.0 = Debug|iPhone
		{03431E84-784F-40EE-965D-E40B469A3491}.Debug|Any CPU.Deploy.0 = Debug|iPhone
		{03431E84-784F-40EE-965D-E40B469A3491}.Debug|iPhone.ActiveCfg = Debug|iPhone
		{03431E84-784F-40EE-965D-E40B469A3491}.Debug|iPhone.Build.0 = Debug|iPhone
		{03431E84-784F-40EE-965D-E40B469A3491}.Debug|iPhone.Deploy.0 = Debug|iPhone
		{03431E84-784F-40EE-965D-E40B469A3491}.Debug|iPhoneSimulator.ActiveCfg = Debug|iPhoneSimulator
		{03431E84-784F-40EE-965D-E40B469A3491}.Debug|iPhoneSimulator.Build.0 = Debug|iPhoneSimulator
		{03431E84-784F-40EE-965D-E40B469A3491}.Debug|iPhoneSimulator.Deploy.0 = Debug|iPhoneSimulator
		{03431E84-784F-40EE-965D-E40B469A3491}.Release|Any CPU.ActiveCfg = Release|iPhoneSimulator
		{03431E84-784F-40EE-965D-E40B469A3491}.Release|Any CPU.Build.0 = Release|iPhoneSimulator
		{03431E84-784F-40EE-965D-E40B469A3491}.Release|Any CPU.Deploy.0 = Release|iPhoneSimulator
		{03431E84-784F-40EE-965D-E40B469A3491}.Release|iPhone.ActiveCfg = Release|iPhone
		{03431E84-784F-40EE-965D-E40B469A3491}.Release|iPhone.Build.0 = Release|iPhone
		{03431E84-784F-40EE-965D-E40B469A3491}.Release|iPhone.Deploy.0 = Release|iPhone
		{03431E84-784F-40EE-965D-E40B469A3491}.Release|iPhoneSimulator.ActiveCfg = Release|iPhoneSimulator
		{03431E84-784F-40EE-965D-E40B469A3491}.Release|iPhoneSimulator.Build.0 = Release|iPhoneSimulator
		{03431E84-784F-40EE-965D-E40B469A3491}.Release|iPhoneSimulator.Deploy.0 = Release|iPhoneSimulator
		{3B906B99-9109-4F5D-974F-BB150FBB356C}.Debug|Any CPU.ActiveCfg = Debug|Any CPU
		{3B906B99-9109-4F5D-974F-BB150FBB356C}.Debug|Any CPU.Build.0 = Debug|Any CPU
		{3B906B99-9109-4F5D-974F-BB150FBB356C}.Debug|Any CPU.Deploy.0 = Debug|Any CPU
		{3B906B99-9109-4F5D-974F-BB150FBB356C}.Debug|iPhone.ActiveCfg = Debug|Any CPU
		{3B906B99-9109-4F5D-974F-BB150FBB356C}.Debug|iPhone.Build.0 = Debug|Any CPU
		{3B906B99-9109-4F5D-974F-BB150FBB356C}.Debug|iPhone.Deploy.0 = Debug|Any CPU
		{3B906B99-9109-4F5D-974F-BB150FBB356C}.Debug|iPhoneSimulator.ActiveCfg = Debug|Any CPU
		{3B906B99-9109-4F5D-974F-BB150FBB356C}.Debug|iPhoneSimulator.Build.0 = Debug|Any CPU
		{3B906B99-9109-4F5D-974F-BB150FBB356C}.Debug|iPhoneSimulator.Deploy.0 = Debug|Any CPU
		{3B906B99-9109-4F5D-974F-BB150FBB356C}.Release|Any CPU.ActiveCfg = Release|Any CPU
		{3B906B99-9109-4F5D-974F-BB150FBB356C}.Release|Any CPU.Build.0 = Release|Any CPU
		{3B906B99-9109-4F5D-974F-BB150FBB356C}.Release|Any CPU.Deploy.0 = Release|Any CPU
		{3B906B99-9109-4F5D-974F-BB150FBB356C}.Release|iPhone.ActiveCfg = Release|Any CPU
		{3B906B99-9109-4F5D-974F-BB150FBB356C}.Release|iPhone.Build.0 = Release|Any CPU
		{3B906B99-9109-4F5D-974F-BB150FBB356C}.Release|iPhone.Deploy.0 = Release|Any CPU
		{3B906B99-9109-4F5D-974F-BB150FBB356C}.Release|iPhoneSimulator.ActiveCfg = Release|Any CPU
		{3B906B99-9109-4F5D-974F-BB150FBB356C}.Release|iPhoneSimulator.Build.0 = Release|Any CPU
		{3B906B99-9109-4F5D-974F-BB150FBB356C}.Release|iPhoneSimulator.Deploy.0 = Release|Any CPU
	EndGlobalSection
	GlobalSection(SolutionProperties) = preSolution
		HideSolutionNode = FALSE
	EndGlobalSection
	GlobalSection(ExtensibilityGlobals) = postSolution
		SolutionGuid = {D29D0AFD-56C9-4DBA-8639-91EC5F6D2255}
	EndGlobalSection
EndGlobal
